
Microsoft Visual Studio Solution File, Format Version 12.00
# Visual Studio Version 17
VisualStudioVersion = 17.0.32112.339
MinimumVisualStudioVersion = 10.0.40219.1
Project("{9A19103F-16F7-4668-BE54-9A1E7A4F7556}") = "WritersDesk", "WritersDesk\WritersDesk.csproj", "{D5A2C973-1D0A-4C2D-B76F-296E4B4C0B8C}"
EndProject
Project("{9A19103F-16F7-4668-BE54-9A1E7A4F7556}") = "WritersDesk.Core", "WritersDesk.Core\WritersDesk.Core.csproj", "{ACD8B2B6-B745-4DB2-959B-5509540C1F03}"
EndProject
Project("{2150E333-8FDC-42A3-9474-1A3956D46DE8}") = "Webserver", "Webserver", "{C5312256-184E-4250-B231-2D597F0AFD02}"
EndProject
Project("{9A19103F-16F7-4668-BE54-9A1E7A4F7556}") = "WritersDesk.Webserver", "WritersDesk.Webserver\WritersDesk.Webserver.csproj", "{4D7F9FF7-2CEC-4596-9B22-9D8B08D09F3C}"
EndProject
Project("{2150E333-8FDC-42A3-9474-1A3956D46DE8}") = "Tools", "Tools", "{02DFB1C6-1E68-4CE5-9DB0-F17F58F13B68}"
EndProject
Project("{9A19103F-16F7-4668-BE54-9A1E7A4F7556}") = "WritersDesk.Tools.NameGenerator", "WritersDesk.Tools.NameGenerator\WritersDesk.Tools.NameGenerator.csproj", "{105004CA-D0D3-492D-8ABC-48D993EC3539}"
EndProject
Project("{2150E333-8FDC-42A3-9474-1A3956D46DE8}") = "Data", "Data", "{1D765626-15E6-4367-8735-909CEF1E0C59}"
EndProject
Project("{2150E333-8FDC-42A3-9474-1A3956D46DE8}") = "Core", "Core", "{2B663A7A-2674-423A-984E-BA3A0814A96C}"
EndProject
Project("{9A19103F-16F7-4668-BE54-9A1E7A4F7556}") = "WritersDesk.Data.Models", "WritersDesk.Data.Models\WritersDesk.Data.Models.csproj", "{3320ECAB-941B-4FB3-978B-1326906F8750}"
EndProject
Project("{FAE04EC0-301F-11D3-BF4B-00C04F79EFBC}") = "WritersDesk.UserControls", "WritersDesk.UserControls\WritersDesk.UserControls.csproj", "{A9300B3C-A7B7-4523-A5E4-0C72F42CC12B}"
EndProject
Project("{2150E333-8FDC-42A3-9474-1A3956D46DE8}") = "Controls", "Controls", "{EB64787A-D77F-4C9F-864C-A76EF9F44793}"
EndProject
Global
	GlobalSection(SolutionConfigurationPlatforms) = preSolution
		Debug|Any CPU = Debug|Any CPU
		Release|Any CPU = Release|Any CPU
	EndGlobalSection
	GlobalSection(ProjectConfigurationPlatforms) = postSolution
		{D5A2C973-1D0A-4C2D-B76F-296E4B4C0B8C}.Debug|Any CPU.ActiveCfg = Debug|Any CPU
		{D5A2C973-1D0A-4C2D-B76F-296E4B4C0B8C}.Debug|Any CPU.Build.0 = Debug|Any CPU
		{D5A2C973-1D0A-4C2D-B76F-296E4B4C0B8C}.Release|Any CPU.ActiveCfg = Release|Any CPU
		{D5A2C973-1D0A-4C2D-B76F-296E4B4C0B8C}.Release|Any CPU.Build.0 = Release|Any CPU
		{ACD8B2B6-B745-4DB2-959B-5509540C1F03}.Debug|Any CPU.ActiveCfg = Debug|Any CPU
		{ACD8B2B6-B745-4DB2-959B-5509540C1F03}.Debug|Any CPU.Build.0 = Debug|Any CPU
		{ACD8B2B6-B745-4DB2-959B-5509540C1F03}.Release|Any CPU.ActiveCfg = Release|Any CPU
		{ACD8B2B6-B745-4DB2-959B-5509540C1F03}.Release|Any CPU.Build.0 = Release|Any CPU
		{4D7F9FF7-2CEC-4596-9B22-9D8B08D09F3C}.Debug|Any CPU.ActiveCfg = Debug|Any CPU
		{4D7F9FF7-2CEC-4596-9B22-9D8B08D09F3C}.Debug|Any CPU.Build.0 = Debug|Any CPU
		{4D7F9FF7-2CEC-4596-9B22-9D8B08D09F3C}.Release|Any CPU.ActiveCfg = Release|Any CPU
		{4D7F9FF7-2CEC-4596-9B22-9D8B08D09F3C}.Release|Any CPU.Build.0 = Release|Any CPU
		{105004CA-D0D3-492D-8ABC-48D993EC3539}.Debug|Any CPU.ActiveCfg = Debug|Any CPU
		{105004CA-D0D3-492D-8ABC-48D993EC3539}.Debug|Any CPU.Build.0 = Debug|Any CPU
		{105004CA-D0D3-492D-8ABC-48D993EC3539}.Release|Any CPU.ActiveCfg = Release|Any CPU
		{105004CA-D0D3-492D-8ABC-48D993EC3539}.Release|Any CPU.Build.0 = Release|Any CPU
		{3320ECAB-941B-4FB3-978B-1326906F8750}.Debug|Any CPU.ActiveCfg = Debug|Any CPU
		{3320ECAB-941B-4FB3-978B-1326906F8750}.Debug|Any CPU.Build.0 = Debug|Any CPU
		{3320ECAB-941B-4FB3-978B-1326906F8750}.Release|Any CPU.ActiveCfg = Release|Any CPU
		{3320ECAB-941B-4FB3-978B-1326906F8750}.Release|Any CPU.Build.0 = Release|Any CPU
		{A9300B3C-A7B7-4523-A5E4-0C72F42CC12B}.Debug|Any CPU.ActiveCfg = Debug|Any CPU
		{A9300B3C-A7B7-4523-A5E4-0C72F42CC12B}.Debug|Any CPU.Build.0 = Debug|Any CPU
		{A9300B3C-A7B7-4523-A5E4-0C72F42CC12B}.Release|Any CPU.ActiveCfg = Release|Any CPU
		{A9300B3C-A7B7-4523-A5E4-0C72F42CC12B}.Release|Any CPU.Build.0 = Release|Any CPU
	EndGlobalSection
	GlobalSection(SolutionProperties) = preSolution
		HideSolutionNode = FALSE
	EndGlobalSection
	GlobalSection(NestedProjects) = preSolution
		{ACD8B2B6-B745-4DB2-959B-5509540C1F03} = {2B663A7A-2674-423A-984E-BA3A0814A96C}
		{4D7F9FF7-2CEC-4596-9B22-9D8B08D09F3C} = {C5312256-184E-4250-B231-2D597F0AFD02}
		{105004CA-D0D3-492D-8ABC-48D993EC3539} = {02DFB1C6-1E68-4CE5-9DB0-F17F58F13B68}
		{3320ECAB-941B-4FB3-978B-1326906F8750} = {1D765626-15E6-4367-8735-909CEF1E0C59}
		{A9300B3C-A7B7-4523-A5E4-0C72F42CC12B} = {EB64787A-D77F-4C9F-864C-A76EF9F44793}
	EndGlobalSection
	GlobalSection(ExtensibilityGlobals) = postSolution
		SolutionGuid = {EBB10905-E169-4032-AE86-D10B0AC9F1DA}
	EndGlobalSection
EndGlobal
